PODS:
  - FBSnapshotTestCase (2.1.4):
    - FBSnapshotTestCase/SwiftSupport (= 2.1.4)
  - FBSnapshotTestCase/Core (2.1.4)
  - FBSnapshotTestCase/SwiftSupport (2.1.4):
    - FBSnapshotTestCase/Core
  - tdkit_buryingpoint (0.1.0)

DEPENDENCIES:
  - FBSnapshotTestCase (~> 2.1.4)
  - tdkit_buryingpoint (from `../`)

SPEC REPOS:
  trunk:
    - FBSnapshotTestCase

EXTERNAL SOURCES:
  tdkit_buryingpoint:
    :path: "../"

SPEC CHECKSUMS:
  FBSnapshotTestCase: 094f9f314decbabe373b87cc339bea235a63e07a
  tdkit_buryingpoint: 8d9afdde29c13cd59e9b0058a52c4b0e4ebeec07

PODFILE CHECKSUM: 037024378edad94dc97ff4c84bbf49b582afed46

COCOAPODS: 1.11.3
